
Microsoft Visual Studio Solution File, Format Version 12.00
# Visual Studio 15
VisualStudioVersion = 15.0.26228.4
MinimumVisualStudioVersion = 10.0.40219.1
Project("{FAE04EC0-301F-11D3-BF4B-00C04F79EFBC}") = "RigControlsCreator.Plugin", "RigControlsCreator.Plugin\RigControlsCreator.Plugin.csproj", "{07CBBC5C-2AC1-4FEE-BF10-80EE97F47165}"
EndProject
Project("{FAE04EC0-301F-11D3-BF4B-00C04F79EFBC}") = "RigControlCreator.Windows", "RigControlCreator.Windows\RigControlCreator.Windows.csproj", "{888F3527-89A3-44C1-B833-85FDA2A098DF}"
EndProject
Global
	GlobalSection(SolutionConfigurationPlatforms) = preSolution
		Debug|Any CPU = Debug|Any CPU
		Release|Any CPU = Release|Any CPU
	EndGlobalSection
	GlobalSection(ProjectConfigurationPlatforms) = postSolution
		{07CBBC5C-2AC1-4FEE-BF10-80EE97F47165}.Debug|Any CPU.ActiveCfg = Debug|Any CPU
		{07CBBC5C-2AC1-4FEE-BF10-80EE97F47165}.Debug|Any CPU.Build.0 = Debug|Any CPU
		{07CBBC5C-2AC1-4FEE-BF10-80EE97F47165}.Release|Any CPU.ActiveCfg = Release|Any CPU
		{07CBBC5C-2AC1-4FEE-BF10-80EE97F47165}.Release|Any CPU.Build.0 = Release|Any CPU
		{888F3527-89A3-44C1-B833-85FDA2A098DF}.Debug|Any CPU.ActiveCfg = Debug|Any CPU
		{888F3527-89A3-44C1-B833-85FDA2A098DF}.Debug|Any CPU.Build.0 = Debug|Any CPU
		{888F3527-89A3-44C1-B833-85FDA2A098DF}.Release|Any CPU.ActiveCfg = Release|Any CPU
		{888F3527-89A3-44C1-B833-85FDA2A098DF}.Release|Any CPU.Build.0 = Release|Any CPU
	EndGlobalSection
	GlobalSection(SolutionProperties) = preSolution
		HideSolutionNode = FALSE
	EndGlobalSection
EndGlobal
